
Microsoft Visual Studio Solution File, Format Version 12.00
# Visual Studio Version 17
VisualStudioVersion = 17.6.33815.320
MinimumVisualStudioVersion = 10.0.40219.1
Project("{FAE04EC0-301F-11D3-BF4B-00C04F79EFBC}") = "AutomatedWebAPITests", "AutomatedWebAPITests\AutomatedWebAPITests.csproj", "{CA1ABA43-0C45-48FB-BF2E-54E8C6B6AA69}"
EndProject
Global
	GlobalSection(SolutionConfigurationPlatforms) = preSolution
		Debug|Any CPU = Debug|Any CPU
		Release|Any CPU = Release|Any CPU
	EndGlobalSection
	GlobalSection(ProjectConfigurationPlatforms) = postSolution
		{CA1ABA43-0C45-48FB-BF2E-54E8C6B6AA69}.Debug|Any CPU.ActiveCfg = Debug|Any CPU
		{CA1ABA43-0C45-48FB-BF2E-54E8C6B6AA69}.Debug|Any CPU.Build.0 = Debug|Any CPU
		{CA1ABA43-0C45-48FB-BF2E-54E8C6B6AA69}.Release|Any CPU.ActiveCfg = Release|Any CPU
		{CA1ABA43-0C45-48FB-BF2E-54E8C6B6AA69}.Release|Any CPU.Build.0 = Release|Any CPU
	EndGlobalSection
	GlobalSection(SolutionProperties) = preSolution
		HideSolutionNode = FALSE
	EndGlobalSection
	GlobalSection(ExtensibilityGlobals) = postSolution
		SolutionGuid = {6DC181F0-2A74-43F0-AF11-7554B43070D0}
	EndGlobalSection
EndGlobal
